
Microsoft Visual Studio Solution File, Format Version 12.00
# Visual Studio Version 16
VisualStudioVersion = 16.0.30503.244
MinimumVisualStudioVersion = 10.0.40219.1
Project("{9A19103F-16F7-4668-BE54-9A1E7A4F7556}") = "FamilyTreeApp", "FamilyTreeApp\FamilyTreeApp.csproj", "{8C2A5C19-15D0-4362-8922-FD7B87E48414}"
EndProject
Project("{9A19103F-16F7-4668-BE54-9A1E7A4F7556}") = "FinalyTreeApp.Models", "FinalyTreeApp.Models\FinalyTreeApp.Models.csproj", "{B2541D6E-1981-4FC4-8A30-D0FB19C96F67}"
EndProject
Project("{FAE04EC0-301F-11D3-BF4B-00C04F79EFBC}") = "FamilyTreeApp.Methods", "FamilyTreeApp.Methods\FamilyTreeApp.Methods.csproj", "{15DA30EC-A4EB-4E47-88D6-763BEC2A0F54}"
EndProject
Global
	GlobalSection(SolutionConfigurationPlatforms) = preSolution
		Debug|Any CPU = Debug|Any CPU
		Release|Any CPU = Release|Any CPU
	EndGlobalSection
	GlobalSection(ProjectConfigurationPlatforms) = postSolution
		{8C2A5C19-15D0-4362-8922-FD7B87E48414}.Debug|Any CPU.ActiveCfg = Debug|Any CPU
		{8C2A5C19-15D0-4362-8922-FD7B87E48414}.Debug|Any CPU.Build.0 = Debug|Any CPU
		{8C2A5C19-15D0-4362-8922-FD7B87E48414}.Release|Any CPU.ActiveCfg = Release|Any CPU
		{8C2A5C19-15D0-4362-8922-FD7B87E48414}.Release|Any CPU.Build.0 = Release|Any CPU
		{B2541D6E-1981-4FC4-8A30-D0FB19C96F67}.Debug|Any CPU.ActiveCfg = Debug|Any CPU
		{B2541D6E-1981-4FC4-8A30-D0FB19C96F67}.Debug|Any CPU.Build.0 = Debug|Any CPU
		{B2541D6E-1981-4FC4-8A30-D0FB19C96F67}.Release|Any CPU.ActiveCfg = Release|Any CPU
		{B2541D6E-1981-4FC4-8A30-D0FB19C96F67}.Release|Any CPU.Build.0 = Release|Any CPU
		{15DA30EC-A4EB-4E47-88D6-763BEC2A0F54}.Debug|Any CPU.ActiveCfg = Debug|Any CPU
		{15DA30EC-A4EB-4E47-88D6-763BEC2A0F54}.Debug|Any CPU.Build.0 = Debug|Any CPU
		{15DA30EC-A4EB-4E47-88D6-763BEC2A0F54}.Release|Any CPU.ActiveCfg = Release|Any CPU
		{15DA30EC-A4EB-4E47-88D6-763BEC2A0F54}.Release|Any CPU.Build.0 = Release|Any CPU
	EndGlobalSection
	GlobalSection(SolutionProperties) = preSolution
		HideSolutionNode = FALSE
	EndGlobalSection
	GlobalSection(ExtensibilityGlobals) = postSolution
		SolutionGuid = {F6890407-1495-48E2-98A5-12127DBA5602}
	EndGlobalSection
EndGlobal
