
Microsoft Visual Studio Solution File, Format Version 12.00
# Visual Studio Version 16
VisualStudioVersion = 16.0.30717.126
MinimumVisualStudioVersion = 10.0.40219.1
Project("{FAE04EC0-301F-11D3-BF4B-00C04F79EFBC}") = "FamilyTreeDifferentWayApp.Helpers", "FamilyTreeDifferentWayApp.Helpers\FamilyTreeDifferentWayApp.Helpers.csproj", "{F46A3C90-9477-4D58-9A1A-2623E207762E}"
EndProject
Project("{FAE04EC0-301F-11D3-BF4B-00C04F79EFBC}") = "FamilyTreeDifferentWayApp", "FamilyTreeDifferentWayApp\FamilyTreeDifferentWayApp.csproj", "{BBD9510B-9E95-40BF-8C58-5AE600C32DF5}"
EndProject
Project("{FAE04EC0-301F-11D3-BF4B-00C04F79EFBC}") = "FamilyTreeDifferentWayApp.Models", "FamilyTreeDifferentWayApp.Models\FamilyTreeDifferentWayApp.Models.csproj", "{B448C380-5080-4730-9B67-0029A83C7FB0}"
EndProject
Global
	GlobalSection(SolutionConfigurationPlatforms) = preSolution
		Debug|Any CPU = Debug|Any CPU
		Release|Any CPU = Release|Any CPU
	EndGlobalSection
	GlobalSection(ProjectConfigurationPlatforms) = postSolution
		{F46A3C90-9477-4D58-9A1A-2623E207762E}.Debug|Any CPU.ActiveCfg = Debug|Any CPU
		{F46A3C90-9477-4D58-9A1A-2623E207762E}.Debug|Any CPU.Build.0 = Debug|Any CPU
		{F46A3C90-9477-4D58-9A1A-2623E207762E}.Release|Any CPU.ActiveCfg = Release|Any CPU
		{F46A3C90-9477-4D58-9A1A-2623E207762E}.Release|Any CPU.Build.0 = Release|Any CPU
		{BBD9510B-9E95-40BF-8C58-5AE600C32DF5}.Debug|Any CPU.ActiveCfg = Debug|Any CPU
		{BBD9510B-9E95-40BF-8C58-5AE600C32DF5}.Debug|Any CPU.Build.0 = Debug|Any CPU
		{BBD9510B-9E95-40BF-8C58-5AE600C32DF5}.Release|Any CPU.ActiveCfg = Release|Any CPU
		{BBD9510B-9E95-40BF-8C58-5AE600C32DF5}.Release|Any CPU.Build.0 = Release|Any CPU
		{B448C380-5080-4730-9B67-0029A83C7FB0}.Debug|Any CPU.ActiveCfg = Debug|Any CPU
		{B448C380-5080-4730-9B67-0029A83C7FB0}.Debug|Any CPU.Build.0 = Debug|Any CPU
		{B448C380-5080-4730-9B67-0029A83C7FB0}.Release|Any CPU.ActiveCfg = Release|Any CPU
		{B448C380-5080-4730-9B67-0029A83C7FB0}.Release|Any CPU.Build.0 = Release|Any CPU
	EndGlobalSection
	GlobalSection(SolutionProperties) = preSolution
		HideSolutionNode = FALSE
	EndGlobalSection
	GlobalSection(ExtensibilityGlobals) = postSolution
		SolutionGuid = {AF25612B-D246-4EFD-A27A-3A1302581CA3}
	EndGlobalSection
EndGlobal
